// !$*UTF8*$!
{
	archiveVersion = 1;
	classes = {
	};
	objectVersion = 77;
	objects = {

/* Begin PBXContainerItemProxy section */
		CA1CA66B2DA4540100FDC172 /* PBXContainerItemProxy */ = {
			isa = PBXContainerItemProxy;
			containerPortal = CA1CA6542DA453FE00FDC172 /* Project object */;
			proxyType = 1;
			remoteGlobalIDString = CA1CA65B2DA453FE00FDC172;
			remoteInfo = WingsJSON;
		};
		CA1CA6752DA4540100FDC172 /* PBXContainerItemProxy */ = {
			isa = PBXContainerItemProxy;
			containerPortal = CA1CA6542DA453FE00FDC172 /* Project object */;
			proxyType = 1;
			remoteGlobalIDString = CA1CA65B2DA453FE00FDC172;
			remoteInfo = WingsJSON;
		};
/* End PBXContainerItemProxy section */

/* Begin PBXFileReference section */
		CA1CA65C2DA453FE00FDC172 /* WingsJSON.app */ = {isa = PBXFileReference; explicitFileType = wrapper.application; includeInIndex = 0; path = WingsJSON.app; sourceTree = BUILT_PRODUCTS_DIR; };
		CA1CA66A2DA4540100FDC172 /* WingsJSONTests.xctest */ = {isa = PBXFileReference; explicitFileType = wrapper.cfbundle; includeInIndex = 0; path = WingsJSONTests.xctest; sourceTree = BUILT_PRODUCTS_DIR; };
		CA1CA6742DA4540100FDC172 /* WingsJSONUITests.xctest */ = {isa = PBXFileReference; explicitFileType = wrapper.cfbundle; includeInIndex = 0; path = WingsJSONUITests.xctest; sourceTree = BUILT_PRODUCTS_DIR; };
/* End PBXFileReference section */

/* Begin PBXFileSystemSynchronizedRootGroup section */
		CA1CA65E2DA453FE00FDC172 /* WingsJSON */ = {
			isa = PBXFileSystemSynchronizedRootGroup;
			path = WingsJSON;
			sourceTree = "<group>";
		};
		CA1CA66D2DA4540100FDC172 /* WingsJSONTests */ = {
			isa = PBXFileSystemSynchronizedRootGroup;
			path = WingsJSONTests;
			sourceTree = "<group>";
		};
		CA1CA6772DA4540100FDC172 /* WingsJSONUITests */ = {
			isa = PBXFileSystemSynchronizedRootGroup;
			path = WingsJSONUITests;
			sourceTree = "<group>";
		};
/* End PBXFileSystemSynchronizedRootGroup section */

/* Begin PBXFrameworksBuildPhase section */
		CA1CA6592DA453FE00FDC172 /* Frameworks */ = {
			isa = PBXFrameworksBuildPhase;
			buildActionMask = 2147483647;
			files = (
			);
			runOnlyForDeploymentPostprocessing = 0;
		};
		CA1CA6672DA4540100FDC172 /* Frameworks */ = {
			isa = PBXFrameworksBuildPhase;
			buildActionMask = 2147483647;
			files = (
			);
			runOnlyForDeploymentPostprocessing = 0;
		};
		CA1CA6712DA4540100FDC172 /* Frameworks */ = {
			isa = PBXFrameworksBuildPhase;
			buildActionMask = 2147483647;
			files = (
			);
			runOnlyForDeploymentPostprocessing = 0;
		};
/* End PBXFrameworksBuildPhase section */

/* Begin PBXGroup section */
		CA1CA6532DA453FE00FDC172 = {
			isa = PBXGroup;
			children = (
				CA1CA65E2DA453FE00FDC172 /* WingsJSON */,
				CA1CA66D2DA4540100FDC172 /* WingsJSONTests */,
				CA1CA6772DA4540100FDC172 /* WingsJSONUITests */,
				CA1CA65D2DA453FE00FDC172 /* Products */,
			);
			sourceTree = "<group>";
		};
		CA1CA65D2DA453FE00FDC172 /* Products */ = {
			isa = PBXGroup;
			children = (
				CA1CA65C2DA453FE00FDC172 /* WingsJSON.app */,
				CA1CA66A2DA4540100FDC172 /* WingsJSONTests.xctest */,
				CA1CA6742DA4540100FDC172 /* WingsJSONUITests.xctest */,
			);
			name = Products;
			sourceTree = "<group>";
		};
/* End PBXGroup section */

/* Begin PBXNativeTarget section */
		CA1CA65B2DA453FE00FDC172 /* WingsJSON */ = {
			isa = PBXNativeTarget;
			buildConfigurationList = CA1CA67E2DA4540100FDC172 /* Build configuration list for PBXNativeTarget "WingsJSON" */;
			buildPhases = (
				CA1CA6582DA453FE00FDC172 /* Sources */,
				CA1CA6592DA453FE00FDC172 /* Frameworks */,
				CA1CA65A2DA453FE00FDC172 /* Resources */,
			);
			buildRules = (
			);
			dependencies = (
			);
			fileSystemSynchronizedGroups = (
				CA1CA65E2DA453FE00FDC172 /* WingsJSON */,
			);
			name = WingsJSON;
			packageProductDependencies = (
			);
			productName = WingsJSON;
			productReference = CA1CA65C2DA453FE00FDC172 /* WingsJSON.app */;
			productType = "com.apple.product-type.application";
		};
		CA1CA6692DA4540100FDC172 /* WingsJSONTests */ = {
			isa = PBXNativeTarget;
			buildConfigurationList = CA1CA6812DA4540100FDC172 /* Build configuration list for PBXNativeTarget "WingsJSONTests" */;
			buildPhases = (
				CA1CA6662DA4540100FDC172 /* Sources */,
				CA1CA6672DA4540100FDC172 /* Frameworks */,
				CA1CA6682DA4540100FDC172 /* Resources */,
			);
			buildRules = (
			);
			dependencies = (
				CA1CA66C2DA4540100FDC172 /* PBXTargetDependency */,
			);
			fileSystemSynchronizedGroups = (
				CA1CA66D2DA4540100FDC172 /* WingsJSONTests */,
			);
			name = WingsJSONTests;
			packageProductDependencies = (
			);
			productName = WingsJSONTests;
			productReference = CA1CA66A2DA4540100FDC172 /* WingsJSONTests.xctest */;
			productType = "com.apple.product-type.bundle.unit-test";
		};
		CA1CA6732DA4540100FDC172 /* WingsJSONUITests */ = {
			isa = PBXNativeTarget;
			buildConfigurationList = CA1CA6842DA4540100FDC172 /* Build configuration list for PBXNativeTarget "WingsJSONUITests" */;
			buildPhases = (
				CA1CA6702DA4540100FDC172 /* Sources */,
				CA1CA6712DA4540100FDC172 /* Frameworks */,
				CA1CA6722DA4540100FDC172 /* Resources */,
			);
			buildRules = (
			);
			dependencies = (
				CA1CA6762DA4540100FDC172 /* PBXTargetDependency */,
			);
			fileSystemSynchronizedGroups = (
				CA1CA6772DA4540100FDC172 /* WingsJSONUITests */,
			);
			name = WingsJSONUITests;
			packageProductDependencies = (
			);
			productName = WingsJSONUITests;
			productReference = CA1CA6742DA4540100FDC172 /* WingsJSONUITests.xctest */;
			productType = "com.apple.product-type.bundle.ui-testing";
		};
/* End PBXNativeTarget section */

/* Begin PBXProject section */
		CA1CA6542DA453FE00FDC172 /* Project object */ = {
			isa = PBXProject;
			attributes = {
				BuildIndependentTargetsInParallel = 1;
				LastSwiftUpdateCheck = 1630;
				LastUpgradeCheck = 1630;
				TargetAttributes = {
					CA1CA65B2DA453FE00FDC172 = {
						CreatedOnToolsVersion = 16.3;
					};
					CA1CA6692DA4540100FDC172 = {
						CreatedOnToolsVersion = 16.3;
						TestTargetID = CA1CA65B2DA453FE00FDC172;
					};
					CA1CA6732DA4540100FDC172 = {
						CreatedOnToolsVersion = 16.3;
						TestTargetID = CA1CA65B2DA453FE00FDC172;
					};
				};
			};
			buildConfigurationList = CA1CA6572DA453FE00FDC172 /* Build configuration list for PBXProject "WingsJSON" */;
			developmentRegion = en;
			hasScannedForEncodings = 0;
			knownRegions = (
				en,
				Base,
			);
			mainGroup = CA1CA6532DA453FE00FDC172;
			minimizedProjectReferenceProxies = 1;
			preferredProjectObjectVersion = 77;
			productRefGroup = CA1CA65D2DA453FE00FDC172 /* Products */;
			projectDirPath = "";
			projectRoot = "";
			targets = (
				CA1CA65B2DA453FE00FDC172 /* WingsJSON */,
				CA1CA6692DA4540100FDC172 /* WingsJSONTests */,
				CA1CA6732DA4540100FDC172 /* WingsJSONUITests */,
			);
		};
/* End PBXProject section */

/* Begin PBXResourcesBuildPhase section */
		CA1CA65A2DA453FE00FDC172 /* Resources */ = {
			isa = PBXResourcesBuildPhase;
			buildActionMask = 2147483647;
			files = (
			);
			runOnlyForDeploymentPostprocessing = 0;
		};
		CA1CA6682DA4540100FDC172 /* Resources */ = {
			isa = PBXResourcesBuildPhase;
			buildActionMask = 2147483647;
			files = (
			);
			runOnlyForDeploymentPostprocessing = 0;
		};
		CA1CA6722DA4540100FDC172 /* Resources */ = {
			isa = PBXResourcesBuildPhase;
			buildActionMask = 2147483647;
			files = (
			);
			runOnlyForDeploymentPostprocessing = 0;
		};
/* End PBXResourcesBuildPhase section */

/* Begin PBXSourcesBuildPhase section */
		CA1CA6582DA453FE00FDC172 /* Sources */ = {
			isa = PBXSourcesBuildPhase;
			buildActionMask = 2147483647;
			files = (
			);
			runOnlyForDeploymentPostprocessing = 0;
		};
		CA1CA6662DA4540100FDC172 /* Sources */ = {
			isa = PBXSourcesBuildPhase;
			buildActionMask = 2147483647;
			files = (
			);
			runOnlyForDeploymentPostprocessing = 0;
		};
		CA1CA6702DA4540100FDC172 /* Sources */ = {
			isa = PBXSourcesBuildPhase;
			buildActionMask = 2147483647;
			files = (
			);
			runOnlyForDeploymentPostprocessing = 0;
		};
/* End PBXSourcesBuildPhase section */

/* Begin PBXTargetDependency section */
		CA1CA66C2DA4540100FDC172 /* PBXTargetDependency */ = {
			isa = PBXTargetDependency;
			target = CA1CA65B2DA453FE00FDC172 /* WingsJSON */;
			targetProxy = CA1CA66B2DA4540100FDC172 /* PBXContainerItemProxy */;
		};
		CA1CA6762DA4540100FDC172 /* PBXTargetDependency */ = {
			isa = PBXTargetDependency;
			target = CA1CA65B2DA453FE00FDC172 /* WingsJSON */;
			targetProxy = CA1CA6752DA4540100FDC172 /* PBXContainerItemProxy */;
		};
/* End PBXTargetDependency section */

/* Begin XCBuildConfiguration section */
		CA1CA67C2DA4540100FDC172 /* Debug */ = {
			isa = XCBuildConfiguration;
			buildSettings = {
				ALWAYS_SEARCH_USER_PATHS = NO;
				ASSETCATALOG_COMPILER_GENERATE_SWIFT_ASSET_SYMBOL_EXTENSIONS = YES;
				CLANG_ANALYZER_NONNULL = YES;
				CLANG_ANALYZER_NUMBER_OBJECT_CONVERSION = YES_AGGRESSIVE;
				CLANG_CXX_LANGUAGE_STANDARD = "gnu++20";
				CLANG_ENABLE_MODULES = YES;
				CLANG_ENABLE_OBJC_ARC = YES;
				CLANG_ENABLE_OBJC_WEAK = YES;
				CLANG_WARN_BLOCK_CAPTURE_AUTORELEASING = YES;
				CLANG_WARN_BOOL_CONVERSION = YES;
				CLANG_WARN_COMMA = YES;
				CLANG_WARN_CONSTANT_CONVERSION = YES;
				CLANG_WARN_DEPRECATED_OBJC_IMPLEMENTATIONS = YES;
				CLANG_WARN_DIRECT_OBJC_ISA_USAGE = YES_ERROR;
				CLANG_WARN_DOCUMENTATION_COMMENTS = YES;
				CLANG_WARN_EMPTY_BODY = YES;
				CLANG_WARN_ENUM_CONVERSION = YES;
				CLANG_WARN_INFINITE_RECURSION = YES;
				CLANG_WARN_INT_CONVERSION = YES;
				CLANG_WARN_NON_LITERAL_NULL_CONVERSION = YES;
				CLANG_WARN_OBJC_IMPLICIT_RETAIN_SELF = YES;
				CLANG_WARN_OBJC_LITERAL_CONVERSION = YES;
				CLANG_WARN_OBJC_ROOT_CLASS = YES_ERROR;
				CLANG_WARN_QUOTED_INCLUDE_IN_FRAMEWORK_HEADER = YES;
				CLANG_WARN_RANGE_LOOP_ANALYSIS = YES;
				CLANG_WARN_STRICT_PROTOTYPES = YES;
				CLANG_WARN_SUSPICIOUS_MOVE = YES;
				CLANG_WARN_UNGUARDED_AVAILABILITY = YES_AGGRESSIVE;
				CLANG_WARN_UNREACHABLE_CODE = YES;
				CLANG_WARN__DUPLICATE_METHOD_MATCH = YES;
				COPY_PHASE_STRIP = NO;
				DEBUG_INFORMATION_FORMAT = dwarf;
				DEVELOPMENT_TEAM = 83Z22V6XMU;
				ENABLE_STRICT_OBJC_MSGSEND = YES;
				ENABLE_TESTABILITY = YES;
				ENABLE_USER_SCRIPT_SANDBOXING = YES;
				GCC_C_LANGUAGE_STANDARD = gnu17;
				GCC_DYNAMIC_NO_PIC = NO;
				GCC_NO_COMMON_BLOCKS = YES;
				GCC_OPTIMIZATION_LEVEL = 0;
				GCC_PREPROCESSOR_DEFINITIONS = (
					"DEBUG=1",
					"$(inherited)",
				);
				GCC_WARN_64_TO_32_BIT_CONVERSION = YES;
				GCC_WARN_ABOUT_RETURN_TYPE = YES_ERROR;
				GCC_WARN_UNDECLARED_SELECTOR = YES;
				GCC_WARN_UNINITIALIZED_AUTOS = YES_AGGRESSIVE;
				GCC_WARN_UNUSED_FUNCTION = YES;
				GCC_WARN_UNUSED_VARIABLE = YES;
				LOCALIZATION_PREFERS_STRING_CATALOGS = YES;
				MTL_ENABLE_DEBUG_INFO = INCLUDE_SOURCE;
				MTL_FAST_MATH = YES;
				ONLY_ACTIVE_ARCH = YES;
				SWIFT_ACTIVE_COMPILATION_CONDITIONS = "DEBUG $(inherited)";
				SWIFT_OPTIMIZATION_LEVEL = "-Onone";
			};
			name = Debug;
		};
		CA1CA67D2DA4540100FDC172 /* Release */ = {
			isa = XCBuildConfiguration;
			buildSettings = {
				ALWAYS_SEARCH_USER_PATHS = NO;
				ASSETCATALOG_COMPILER_GENERATE_SWIFT_ASSET_SYMBOL_EXTENSIONS = YES;
				CLANG_ANALYZER_NONNULL = YES;
				CLANG_ANALYZER_NUMBER_OBJECT_CONVERSION = YES_AGGRESSIVE;
				CLANG_CXX_LANGUAGE_STANDARD = "gnu++20";
				CLANG_ENABLE_MODULES = YES;
				CLANG_ENABLE_OBJC_ARC = YES;
				CLANG_ENABLE_OBJC_WEAK = YES;
				CLANG_WARN_BLOCK_CAPTURE_AUTORELEASING = YES;
				CLANG_WARN_BOOL_CONVERSION = YES;
				CLANG_WARN_COMMA = YES;
				CLANG_WARN_CONSTANT_CONVERSION = YES;
				CLANG_WARN_DEPRECATED_OBJC_IMPLEMENTATIONS = YES;
				CLANG_WARN_DIRECT_OBJC_ISA_USAGE = YES_ERROR;
				CLANG_WARN_DOCUMENTATION_COMMENTS = YES;
				CLANG_WARN_EMPTY_BODY = YES;
				CLANG_WARN_ENUM_CONVERSION = YES;
				CLANG_WARN_INFINITE_RECURSION = YES;
				CLANG_WARN_INT_CONVERSION = YES;
				CLANG_WARN_NON_LITERAL_NULL_CONVERSION = YES;
				CLANG_WARN_OBJC_IMPLICIT_RETAIN_SELF = YES;
				CLANG_WARN_OBJC_LITERAL_CONVERSION = YES;
				CLANG_WARN_OBJC_ROOT_CLASS = YES_ERROR;
				CLANG_WARN_QUOTED_INCLUDE_IN_FRAMEWORK_HEADER = YES;
				CLANG_WARN_RANGE_LOOP_ANALYSIS = YES;
				CLANG_WARN_STRICT_PROTOTYPES = YES;
				CLANG_WARN_SUSPICIOUS_MOVE = YES;
				CLANG_WARN_UNGUARDED_AVAILABILITY = YES_AGGRESSIVE;
				CLANG_WARN_UNREACHABLE_CODE = YES;
				CLANG_WARN__DUPLICATE_METHOD_MATCH = YES;
				COPY_PHASE_STRIP = NO;
				DEBUG_INFORMATION_FORMAT = "dwarf-with-dsym";
				DEVELOPMENT_TEAM = 83Z22V6XMU;
				ENABLE_NS_ASSERTIONS = NO;
				ENABLE_STRICT_OBJC_MSGSEND = YES;
				ENABLE_USER_SCRIPT_SANDBOXING = YES;
				GCC_C_LANGUAGE_STANDARD = gnu17;
				GCC_NO_COMMON_BLOCKS = YES;
				GCC_WARN_64_TO_32_BIT_CONVERSION = YES;
				GCC_WARN_ABOUT_RETURN_TYPE = YES_ERROR;
				GCC_WARN_UNDECLARED_SELECTOR = YES;
				GCC_WARN_UNINITIALIZED_AUTOS = YES_AGGRESSIVE;
				GCC_WARN_UNUSED_FUNCTION = YES;
				GCC_WARN_UNUSED_VARIABLE = YES;
				LOCALIZATION_PREFERS_STRING_CATALOGS = YES;
				MTL_ENABLE_DEBUG_INFO = NO;
				MTL_FAST_MATH = YES;
				SWIFT_COMPILATION_MODE = wholemodule;
			};
			name = Release;
		};
		CA1CA67F2DA4540100FDC172 /* Debug */ = {
			isa = XCBuildConfiguration;
			buildSettings = {
				ASSETCATALOG_COMPILER_APPICON_NAME = AppIcon;
				ASSETCATALOG_COMPILER_GLOBAL_ACCENT_COLOR_NAME = AccentColor;
				CODE_SIGN_ENTITLEMENTS = WingsJSON/WingsJSON.entitlements;
				CODE_SIGN_STYLE = Automatic;
				CURRENT_PROJECT_VERSION = 1;
				DEVELOPMENT_TEAM = 83Z22V6XMU;
				ENABLE_HARDENED_RUNTIME = YES;
				ENABLE_PREVIEWS = YES;
				GENERATE_INFOPLIST_FILE = YES;
				"INFOPLIST_KEY_UIApplicationSceneManifest_Generation[sdk=iphoneos*]" = YES;
				"INFOPLIST_KEY_UIApplicationSceneManifest_Generation[sdk=iphonesimulator*]" = YES;
				"INFOPLIST_KEY_UIApplicationSupportsIndirectInputEvents[sdk=iphoneos*]" = YES;
				"INFOPLIST_KEY_UIApplicationSupportsIndirectInputEvents[sdk=iphonesimulator*]" = YES;
				"INFOPLIST_KEY_UILaunchScreen_Generation[sdk=iphoneos*]" = YES;
				"INFOPLIST_KEY_UILaunchScreen_Generation[sdk=iphonesimulator*]" = YES;
				"INFOPLIST_KEY_UIStatusBarStyle[sdk=iphoneos*]" = UIStatusBarStyleDefault;
				"INFOPLIST_KEY_UIStatusBarStyle[sdk=iphonesimulator*]" = UIStatusBarStyleDefault;
				INFOPLIST_KEY_UISupportedInterfaceOrientations_iPad = "UIInterfaceOrientationPortrait UIInterfaceOrientationPortraitUpsideDown UIInterfaceOrientationLandscapeLeft UIInterfaceOrientationLandscapeRight";
				INFOPLIST_KEY_UISupportedInterfaceOrientations_iPhone = "UIInterfaceOrientationPortrait UIInterfaceOrientationLandscapeLeft UIInterfaceOrientationLandscapeRight";
				IPHONEOS_DEPLOYMENT_TARGET = 18.4;
				LD_RUNPATH_SEARCH_PATHS = "@executable_path/Frameworks";
				"LD_RUNPATH_SEARCH_PATHS[sdk=macosx*]" = "@executable_path/../Frameworks";
				MACOSX_DEPLOYMENT_TARGET = 15.3;
				MARKETING_VERSION = 1.0;
				PRODUCT_BUNDLE_IDENTIFIER = com.conner.yoon.WingsJSON;
				PRODUCT_NAME = "$(TARGET_NAME)";
				REGISTER_APP_GROUPS = YES;
				SDKROOT = auto;
				SUPPORTED_PLATFORMS = "iphoneos iphonesimulator macosx xros xrsimulator";
				SWIFT_EMIT_LOC_STRINGS = YES;
				SWIFT_VERSION = 5.0;
				TARGETED_DEVICE_FAMILY = "1,2,7";
				XROS_DEPLOYMENT_TARGET = 2.4;
			};
			name = Debug;
		};
		CA1CA6802DA4540100FDC172 /* Release */ = {
			isa = XCBuildConfiguration;
			buildSettings = {
				ASSETCATALOG_COMPILER_APPICON_NAME = AppIcon;
				ASSETCATALOG_COMPILER_GLOBAL_ACCENT_COLOR_NAME = AccentColor;
				CODE_SIGN_ENTITLEMENTS = WingsJSON/WingsJSON.entitlements;
				CODE_SIGN_STYLE = Automatic;
				CURRENT_PROJECT_VERSION = 1;
				DEVELOPMENT_TEAM = 83Z22V6XMU;
				ENABLE_HARDENED_RUNTIME = YES;
				ENABLE_PREVIEWS = YES;
				GENERATE_INFOPLIST_FILE = YES;
				"INFOPLIST_KEY_UIApplicationSceneManifest_Generation[sdk=iphoneos*]" = YES;
				"INFOPLIST_KEY_UIApplicationSceneManifest_Generation[sdk=iphonesimulator*]" = YES;
				"INFOPLIST_KEY_UIApplicationSupportsIndirectInputEvents[sdk=iphoneos*]" = YES;
				"INFOPLIST_KEY_UIApplicationSupportsIndirectInputEvents[sdk=iphonesimulator*]" = YES;
				"INFOPLIST_KEY_UILaunchScreen_Generation[sdk=iphoneos*]" = YES;
				"INFOPLIST_KEY_UILaunchScreen_Generation[sdk=iphonesimulator*]" = YES;
				"INFOPLIST_KEY_UIStatusBarStyle[sdk=iphoneos*]" = UIStatusBarStyleDefault;
				"INFOPLIST_KEY_UIStatusBarStyle[sdk=iphonesimulator*]" = UIStatusBarStyleDefault;
				INFOPLIST_KEY_UISupportedInterfaceOrientations_iPad = "UIInterfaceOrientationPortrait UIInterfaceOrientationPortraitUpsideDown UIInterfaceOrientationLandscapeLeft UIInterfaceOrientationLandscapeRight";
				INFOPLIST_KEY_UISupportedInterfaceOrientations_iPhone = "UIInterfaceOrientationPortrait UIInterfaceOrientationLandscapeLeft UIInterfaceOrientationLandscapeRight";
				IPHONEOS_DEPLOYMENT_TARGET = 18.4;
				LD_RUNPATH_SEARCH_PATHS = "@executable_path/Frameworks";
				"LD_RUNPATH_SEARCH_PATHS[sdk=macosx*]" = "@executable_path/../Frameworks";
				MACOSX_DEPLOYMENT_TARGET = 15.3;
				MARKETING_VERSION = 1.0;
				PRODUCT_BUNDLE_IDENTIFIER = com.conner.yoon.WingsJSON;
				PRODUCT_NAME = "$(TARGET_NAME)";
				REGISTER_APP_GROUPS = YES;
				SDKROOT = auto;
				SUPPORTED_PLATFORMS = "iphoneos iphonesimulator macosx xros xrsimulator";
				SWIFT_EMIT_LOC_STRINGS = YES;
				SWIFT_VERSION = 5.0;
				TARGETED_DEVICE_FAMILY = "1,2,7";
				XROS_DEPLOYMENT_TARGET = 2.4;
			};
			name = Release;
		};
		CA1CA6822DA4540100FDC172 /* Debug */ = {
			isa = XCBuildConfiguration;
			buildSettings = {
				BUNDLE_LOADER = "$(TEST_HOST)";
				CODE_SIGN_STYLE = Automatic;
				CURRENT_PROJECT_VERSION = 1;
				DEVELOPMENT_TEAM = 83Z22V6XMU;
				GENERATE_INFOPLIST_FILE = YES;
				IPHONEOS_DEPLOYMENT_TARGET = 18.4;
				MACOSX_DEPLOYMENT_TARGET = 15.3;
				MARKETING_VERSION = 1.0;
				PRODUCT_BUNDLE_IDENTIFIER = com.conner.yoon.WingsJSONTests;
				PRODUCT_NAME = "$(TARGET_NAME)";
				SDKROOT = auto;
				SUPPORTED_PLATFORMS = "iphoneos iphonesimulator macosx xros xrsimulator";
				SWIFT_EMIT_LOC_STRINGS = NO;
				SWIFT_VERSION = 5.0;
				TARGETED_DEVICE_FAMILY = "1,2,7";
				TEST_HOST = "$(BUILT_PRODUCTS_DIR)/WingsJSON.app/$(BUNDLE_EXECUTABLE_FOLDER_PATH)/WingsJSON";
				XROS_DEPLOYMENT_TARGET = 2.4;
			};
			name = Debug;
		};
		CA1CA6832DA4540100FDC172 /* Release */ = {
			isa = XCBuildConfiguration;
			buildSettings = {
				BUNDLE_LOADER = "$(TEST_HOST)";
				CODE_SIGN_STYLE = Automatic;
				CURRENT_PROJECT_VERSION = 1;
				DEVELOPMENT_TEAM = 83Z22V6XMU;
				GENERATE_INFOPLIST_FILE = YES;
				IPHONEOS_DEPLOYMENT_TARGET = 18.4;
				MACOSX_DEPLOYMENT_TARGET = 15.3;
				MARKETING_VERSION = 1.0;
				PRODUCT_BUNDLE_IDENTIFIER = com.conner.yoon.WingsJSONTests;
				PRODUCT_NAME = "$(TARGET_NAME)";
				SDKROOT = auto;
				SUPPORTED_PLATFORMS = "iphoneos iphonesimulator macosx xros xrsimulator";
				SWIFT_EMIT_LOC_STRINGS = NO;
				SWIFT_VERSION = 5.0;
				TARGETED_DEVICE_FAMILY = "1,2,7";
				TEST_HOST = "$(BUILT_PRODUCTS_DIR)/WingsJSON.app/$(BUNDLE_EXECUTABLE_FOLDER_PATH)/WingsJSON";
				XROS_DEPLOYMENT_TARGET = 2.4;
			};
			name = Release;
		};
		CA1CA6852DA4540100FDC172 /* Debug */ = {
			isa = XCBuildConfiguration;
			buildSettings = {
				CODE_SIGN_STYLE = Automatic;
				CURRENT_PROJECT_VERSION = 1;
				DEVELOPMENT_TEAM = 83Z22V6XMU;
				GENERATE_INFOPLIST_FILE = YES;
				IPHONEOS_DEPLOYMENT_TARGET = 18.4;
				MACOSX_DEPLOYMENT_TARGET = 15.3;
				MARKETING_VERSION = 1.0;
				PRODUCT_BUNDLE_IDENTIFIER = com.conner.yoon.WingsJSONUITests;
				PRODUCT_NAME = "$(TARGET_NAME)";
				SDKROOT = auto;
				SUPPORTED_PLATFORMS = "iphoneos iphonesimulator macosx xros xrsimulator";
				SWIFT_EMIT_LOC_STRINGS = NO;
				SWIFT_VERSION = 5.0;
				TARGETED_DEVICE_FAMILY = "1,2,7";
				TEST_TARGET_NAME = WingsJSON;
				XROS_DEPLOYMENT_TARGET = 2.4;
			};
			name = Debug;
		};
		CA1CA6862DA4540100FDC172 /* Release */ = {
			isa = XCBuildConfiguration;
			buildSettings = {
				CODE_SIGN_STYLE = Automatic;
				CURRENT_PROJECT_VERSION = 1;
				DEVELOPMENT_TEAM = 83Z22V6XMU;
				GENERATE_INFOPLIST_FILE = YES;
				IPHONEOS_DEPLOYMENT_TARGET = 18.4;
				MACOSX_DEPLOYMENT_TARGET = 15.3;
				MARKETING_VERSION = 1.0;
				PRODUCT_BUNDLE_IDENTIFIER = com.conner.yoon.WingsJSONUITests;
				PRODUCT_NAME = "$(TARGET_NAME)";
				SDKROOT = auto;
				SUPPORTED_PLATFORMS = "iphoneos iphonesimulator macosx xros xrsimulator";
				SWIFT_EMIT_LOC_STRINGS = NO;
				SWIFT_VERSION = 5.0;
				TARGETED_DEVICE_FAMILY = "1,2,7";
				TEST_TARGET_NAME = WingsJSON;
				XROS_DEPLOYMENT_TARGET = 2.4;
			};
			name = Release;
		};
/* End XCBuildConfiguration section */

/* Begin XCConfigurationList section */
		CA1CA6572DA453FE00FDC172 /* Build configuration list for PBXProject "WingsJSON" */ = {
			isa = XCConfigurationList;
			buildConfigurations = (
				CA1CA67C2DA4540100FDC172 /* Debug */,
				CA1CA67D2DA4540100FDC172 /* Release */,
			);
			defaultConfigurationIsVisible = 0;
			defaultConfigurationName = Release;
		};
		CA1CA67E2DA4540100FDC172 /* Build configuration list for PBXNativeTarget "WingsJSON" */ = {
			isa = XCConfigurationList;
			buildConfigurations = (
				CA1CA67F2DA4540100FDC172 /* Debug */,
				CA1CA6802DA4540100FDC172 /* Release */,
			);
			defaultConfigurationIsVisible = 0;
			defaultConfigurationName = Release;
		};
		CA1CA6812DA4540100FDC172 /* Build configuration list for PBXNativeTarget "WingsJSONTests" */ = {
			isa = XCConfigurationList;
			buildConfigurations = (
				CA1CA6822DA4540100FDC172 /* Debug */,
				CA1CA6832DA4540100FDC172 /* Release */,
			);
			defaultConfigurationIsVisible = 0;
			defaultConfigurationName = Release;
		};
		CA1CA6842DA4540100FDC172 /* Build configuration list for PBXNativeTarget "WingsJSONUITests" */ = {
			isa = XCConfigurationList;
			buildConfigurations = (
				CA1CA6852DA4540100FDC172 /* Debug */,
				CA1CA6862DA4540100FDC172 /* Release */,
			);
			defaultConfigurationIsVisible = 0;
			defaultConfigurationName = Release;
		};
/* End XCConfigurationList section */
	};
	rootObject = CA1CA6542DA453FE00FDC172 /* Project object */;
}
